
Microsoft Visual Studio Solution File, Format Version 12.00
# Visual Studio Version 17
VisualStudioVersion = 17.13.35931.197 d17.13
MinimumVisualStudioVersion = 10.0.40219.1
Project("{FAE04EC0-301F-11D3-BF4B-00C04F79EFBC}") = "BloodDonor", "BloodDonor\BloodDonor.csproj", "{71956819-3F38-4D78-8304-F7A391C751CC}"
EndProject
Global
	GlobalSection(SolutionConfigurationPlatforms) = preSolution
		Debug|Any CPU = Debug|Any CPU
		Release|Any CPU = Release|Any CPU
	EndGlobalSection
	GlobalSection(ProjectConfigurationPlatforms) = postSolution
		{71956819-3F38-4D78-8304-F7A391C751CC}.Debug|Any CPU.ActiveCfg = Debug|Any CPU
		{71956819-3F38-4D78-8304-F7A391C751CC}.Debug|Any CPU.Build.0 = Debug|Any CPU
		{71956819-3F38-4D78-8304-F7A391C751CC}.Release|Any CPU.ActiveCfg = Release|Any CPU
		{71956819-3F38-4D78-8304-F7A391C751CC}.Release|Any CPU.Build.0 = Release|Any CPU
	EndGlobalSection
	GlobalSection(SolutionProperties) = preSolution
		HideSolutionNode = FALSE
	EndGlobalSection
	GlobalSection(ExtensibilityGlobals) = postSolution
		SolutionGuid = {FE8491D3-2F92-4562-BEE4-7A1ADC57FF51}
	EndGlobalSection
EndGlobal
